# This file was autogenerated by uv via the following command:
#    uv pip compile pyproject.toml --extra dev --universal --output-file requirements.lock
annotated-types==0.7.0
    # via pydantic
anyio==4.13.0
    # via httpx
ast-serialize==0.3.0
    # via mypy
black==26.3.1
    # via inv-man-intake (pyproject.toml)
certifi==2026.4.22
    # via
    #   httpcore
    #   httpx
    #   requests
charset-normalizer==3.4.7
    # via requests
click==8.3.2
    # via black
colorama==0.4.6 ; sys_platform == 'win32'
    # via
    #   click
    #   pytest
coverage==7.14.0
    # via pytest-cov
h11==0.16.0
    # via httpcore
httpcore==1.0.9
    # via httpx
httpx==0.28.1
    # via langsmith
idna==3.14
    # via
    #   anyio
    #   httpx
    #   requests
iniconfig==2.3.0
    # via pytest
langsmith==0.4.59
    # via inv-man-intake (pyproject.toml)
librt==0.11.0 ; platform_python_implementation != 'PyPy'
    # via mypy
mypy==2.1.0
    # via inv-man-intake (pyproject.toml)
mypy-extensions==1.1.0
    # via
    #   black
    #   mypy
orjson==3.11.9 ; platform_python_implementation != 'PyPy'
    # via langsmith
packaging==26.1
    # via
    #   black
    #   langsmith
    #   pytest
pathspec==1.0.4
    # via
    #   black
    #   mypy
platformdirs==4.9.6
    # via black
pluggy==1.6.0
    # via
    #   pytest
    #   pytest-cov
pydantic==2.13.4
    # via
    #   inv-man-intake (pyproject.toml)
    #   langsmith
pydantic-core==2.46.4
    # via pydantic
pygments==2.20.0
    # via pytest
pytest==9.0.3
    # via
    #   inv-man-intake (pyproject.toml)
    #   pytest-cov
pytest-cov==7.1.0
    # via inv-man-intake (pyproject.toml)
pytokens==0.4.1
    # via black
requests==2.34.0
    # via
    #   langsmith
    #   requests-toolbelt
requests-toolbelt==1.0.0
    # via langsmith
ruff==0.15.13
    # via inv-man-intake (pyproject.toml)
typing-extensions==4.15.0
    # via
    #   anyio
    #   mypy
    #   pydantic
    #   pydantic-core
    #   typing-inspection
typing-inspection==0.4.2
    # via pydantic
urllib3==2.7.0
    # via requests
uuid-utils==0.15.0
    # via langsmith
zstandard==0.25.0
    # via langsmith
