# This file was autogenerated by uv via the following command:
#    uv pip compile pyproject.toml --extra=dev --extra=app --extra=extraction-docling --universal --output-file=requirements.lock
accelerate==1.14.0
    # via
    #   docling-ibm-models
    #   docling-slim
altair==6.2.2
    # via streamlit
annotated-doc==0.0.4
    # via typer
annotated-types==0.7.0
    # via pydantic
antlr4-python3-runtime==4.9.3
    # via omegaconf
anyio==4.14.2
    # via
    #   httpx
    #   langsmith
    #   starlette
    #   streamlit
ast-serialize==0.6.0
    # via mypy
attrs==26.1.0
    # via
    #   jsonlines
    #   jsonschema
    #   referencing
beautifulsoup4==4.15.0
    # via docling-slim
black==26.5.1
    # via inv-man-intake (pyproject.toml)
blinker==1.9.0
    # via streamlit
certifi==2026.6.17
    # via
    #   docling-slim
    #   httpcore
    #   httpx
    #   requests
charset-normalizer==3.4.9
    # via requests
click==8.4.2
    # via
    #   black
    #   huggingface-hub
    #   streamlit
    #   typer
    #   uvicorn
colorama==0.4.6 ; sys_platform == 'win32'
    # via
    #   click
    #   colorlog
    #   pytest
    #   tqdm
colorlog==6.10.1
    # via rapidocr
coverage==7.15.2
    # via pytest-cov
cuda-bindings==13.3.1 ; python_full_version < '3.15' and sys_platform == 'linux'
    # via torch
cuda-pathfinder==1.5.6 ; python_full_version < '3.15' and sys_platform == 'linux'
    # via cuda-bindings
cuda-toolkit==13.0.3.0 ; sys_platform == 'linux'
    # via torch
defusedxml==0.7.1
    # via
    #   docling-core
    #   docling-slim
dill==0.4.1
    # via multiprocess
distro==1.9.0
    # via langsmith
doclang==0.7.3
    # via docling-core
docling==2.113.0
    # via
    #   inv-man-intake (pyproject.toml)
    #   stranske-pdf-extract
docling-core==2.87.1
    # via
    #   docling-ibm-models
    #   docling-parse
    #   docling-slim
docling-ibm-models==3.13.3
    # via docling-slim
docling-parse==7.8.0
    # via docling-slim
docling-slim==2.113.0
    # via docling
et-xmlfile==2.0.0
    # via openpyxl
faker==40.31.0
    # via polyfactory
filelock==3.29.7
    # via
    #   huggingface-hub
    #   torch
filetype==1.2.0
    # via docling-slim
fsspec==2026.6.0
    # via
    #   huggingface-hub
    #   torch
gitdb==4.0.12
    # via gitpython
gitpython==3.1.51
    # via streamlit
greenlet==3.5.3
    # via playwright
h11==0.16.0
    # via
    #   httpcore
    #   uvicorn
hf-xet==1.5.1 ; platform_machine == 'AMD64' or platform_machine == 'aarch64' or platform_machine == 'amd64' or platform_machine == 'arm64' or platform_machine == 'x86_64'
    # via huggingface-hub
httpcore==1.0.9
    # via httpx
httptools==0.8.0
    # via streamlit
httpx==0.28.1
    # via
    #   docling-slim
    #   huggingface-hub
    #   langsmith
huggingface-hub==1.23.0
    # via
    #   accelerate
    #   docling-ibm-models
    #   docling-slim
    #   tokenizers
    #   transformers
idna==3.18
    # via
    #   anyio
    #   httpx
    #   requests
iniconfig==2.3.0
    # via pytest
itsdangerous==2.2.0
    # via streamlit
jinja2==3.1.6
    # via
    #   altair
    #   pydeck
    #   torch
jsonlines==4.0.0
    # via docling-ibm-models
jsonref==1.1.0
    # via docling-core
jsonschema==4.26.0
    # via
    #   altair
    #   docling-core
jsonschema-specifications==2025.9.1
    # via jsonschema
langsmith==0.10.5
    # via inv-man-intake (pyproject.toml)
latex2mathml==3.81.0
    # via docling-core
librt==0.13.0 ; platform_python_implementation != 'PyPy'
    # via mypy
lxml==6.1.1
    # via
    #   doclang
    #   python-docx
    #   python-pptx
mail-parser==4.4.0
    # via docling-slim
markdown-it-py==4.2.0
    # via rich
marko==2.2.3
    # via docling-slim
markupsafe==3.0.3
    # via jinja2
mdurl==0.1.2
    # via markdown-it-py
mpire==2.10.2
    # via semchunk
mpmath==1.3.0
    # via sympy
multiprocess==0.70.19
    # via mpire
mypy==2.3.0
    # via inv-man-intake (pyproject.toml)
mypy-extensions==1.1.0
    # via
    #   black
    #   mypy
narwhals==2.24.0
    # via altair
networkx==3.6.1
    # via torch
numpy==2.5.1
    # via
    #   accelerate
    #   docling-ibm-models
    #   docling-slim
    #   opencv-python
    #   pandas
    #   pydeck
    #   rapidocr
    #   safetensors
    #   scipy
    #   shapely
    #   streamlit
    #   torchvision
    #   transformers
nvidia-cublas==13.1.1.3 ; sys_platform == 'linux'
    # via
    #   cuda-toolkit
    #   nvidia-cudnn-cu13
    #   nvidia-cusolver
nvidia-cuda-cupti==13.0.85 ; (platform_machine == 'aarch64' and sys_platform == 'linux') or (platform_machine == 'x86_64' and sys_platform == 'linux')
    # via cuda-toolkit
nvidia-cuda-nvrtc==13.0.88 ; sys_platform == 'linux'
    # via
    #   cuda-toolkit
    #   nvidia-cublas
nvidia-cuda-runtime==13.0.96 ; (platform_machine == 'aarch64' and sys_platform == 'linux') or (platform_machine == 'x86_64' and sys_platform == 'linux')
    # via cuda-toolkit
nvidia-cudnn-cu13==9.20.0.48 ; sys_platform == 'linux'
    # via torch
nvidia-cufft==12.0.0.61 ; (platform_machine == 'aarch64' and sys_platform == 'linux') or (platform_machine == 'x86_64' and sys_platform == 'linux')
    # via cuda-toolkit
nvidia-cufile==1.15.1.6 ; (platform_machine == 'aarch64' and sys_platform == 'linux') or (platform_machine == 'x86_64' and sys_platform == 'linux')
    # via cuda-toolkit
nvidia-curand==10.4.0.35 ; (platform_machine == 'aarch64' and sys_platform == 'linux') or (platform_machine == 'x86_64' and sys_platform == 'linux')
    # via cuda-toolkit
nvidia-cusolver==12.0.4.66 ; (platform_machine == 'aarch64' and sys_platform == 'linux') or (platform_machine == 'x86_64' and sys_platform == 'linux')
    # via cuda-toolkit
nvidia-cusparse==12.6.3.3 ; (platform_machine == 'aarch64' and sys_platform == 'linux') or (platform_machine == 'x86_64' and sys_platform == 'linux')
    # via
    #   cuda-toolkit
    #   nvidia-cusolver
nvidia-cusparselt-cu13==0.8.1 ; sys_platform == 'linux'
    # via torch
nvidia-nccl-cu13==2.29.7 ; sys_platform == 'linux'
    # via torch
nvidia-nvjitlink==13.3.33 ; (platform_machine == 'aarch64' and sys_platform == 'linux') or (platform_machine == 'x86_64' and sys_platform == 'linux')
    # via
    #   cuda-toolkit
    #   nvidia-cufft
    #   nvidia-cusolver
    #   nvidia-cusparse
nvidia-nvshmem-cu13==3.4.5 ; sys_platform == 'linux'
    # via torch
nvidia-nvtx==13.0.85 ; (platform_machine == 'aarch64' and sys_platform == 'linux') or (platform_machine == 'x86_64' and sys_platform == 'linux')
    # via cuda-toolkit
omegaconf==2.3.1
    # via rapidocr
opencv-python==5.0.0.93
    # via rapidocr
openpyxl==3.1.5
    # via docling-slim
orjson==3.11.9 ; platform_python_implementation != 'PyPy'
    # via langsmith
packaging==26.2
    # via
    #   accelerate
    #   altair
    #   black
    #   huggingface-hub
    #   langsmith
    #   pytest
    #   streamlit
    #   transformers
pandas==3.0.3
    # via
    #   docling-core
    #   streamlit
pathspec==1.1.1
    # via
    #   black
    #   mypy
pillow==12.3.0
    # via
    #   docling-core
    #   docling-ibm-models
    #   docling-parse
    #   docling-slim
    #   python-pptx
    #   rapidocr
    #   streamlit
    #   torchvision
platformdirs==4.10.0
    # via black
playwright==1.61.0
    # via inv-man-intake (pyproject.toml)
pluggy==1.6.0
    # via
    #   docling-slim
    #   pytest
    #   pytest-cov
polyfactory==3.3.0
    # via docling-slim
protobuf==7.35.1
    # via streamlit
psutil==7.2.2
    # via accelerate
pyarrow==24.0.0
    # via streamlit
pyclipper==1.4.0
    # via rapidocr
pydantic==2.13.4
    # via
    #   inv-man-intake (pyproject.toml)
    #   docling-core
    #   docling-ibm-models
    #   docling-parse
    #   docling-slim
    #   langsmith
    #   pydantic-settings
pydantic-core==2.46.4
    # via pydantic
pydantic-settings==2.14.2
    # via
    #   docling-core
    #   docling-slim
pydeck==0.9.3
    # via streamlit
pyee==13.0.1
    # via playwright
pygments==2.20.0
    # via
    #   mpire
    #   pytest
    #   rich
pylatexenc==2.10
    # via docling-slim
pypdfium2==5.11.0
    # via docling-slim
pytest==9.1.1
    # via
    #   inv-man-intake (pyproject.toml)
    #   pytest-cov
    #   pytest-datadir
    #   pytest-regressions
pytest-cov==7.1.0
    # via inv-man-intake (pyproject.toml)
pytest-datadir==1.8.0
    # via pytest-regressions
pytest-regressions==2.11.0
    # via inv-man-intake (pyproject.toml)
python-dateutil==2.9.0.post0
    # via pandas
python-docx==1.2.0
    # via docling-slim
python-dotenv==1.2.2
    # via
    #   docling-slim
    #   pydantic-settings
python-multipart==0.0.32
    # via streamlit
python-pptx==1.0.2
    # via docling-slim
pytokens==0.4.1
    # via black
pywin32==312 ; sys_platform == 'win32'
    # via
    #   docling-parse
    #   mpire
pyyaml==6.0.3
    # via
    #   accelerate
    #   docling-core
    #   huggingface-hub
    #   omegaconf
    #   pytest-regressions
    #   rapidocr
    #   transformers
rapidocr==3.9.1
    # via docling-slim
referencing==0.37.0
    # via
    #   jsonschema
    #   jsonschema-specifications
regex==2026.7.10
    # via transformers
requests==2.34.2
    # via
    #   docling-slim
    #   langsmith
    #   rapidocr
    #   requests-toolbelt
    #   streamlit
requests-toolbelt==1.0.0
    # via langsmith
rich==15.0.0
    # via
    #   docling-slim
    #   typer
rpds-py==2026.6.3
    # via
    #   jsonschema
    #   referencing
rtree==1.4.1
    # via
    #   docling-ibm-models
    #   docling-slim
ruff==0.15.22
    # via inv-man-intake (pyproject.toml)
safetensors==0.8.0
    # via
    #   accelerate
    #   docling-ibm-models
    #   transformers
scipy==1.18.0
    # via docling-slim
semchunk==3.2.5
    # via docling-core
setuptools==83.0.0
    # via torch
shapely==2.1.2
    # via rapidocr
shellingham==1.5.4
    # via typer
six==1.17.0
    # via
    #   python-dateutil
    #   rapidocr
smmap==5.0.3
    # via gitdb
sniffio==1.3.1
    # via langsmith
soupsieve==2.8.4
    # via beautifulsoup4
starlette==1.3.1
    # via streamlit
stranske-pdf-extract @ git+https://github.com/stranske/Workflows.git@pdf-extract-v0.1.0#subdirectory=packages/stranske_pdf_extract
    # via inv-man-intake (pyproject.toml)
streamlit==1.60.0
    # via inv-man-intake (pyproject.toml)
sympy==1.14.0
    # via torch
tabulate==0.10.0
    # via docling-core
tenacity==9.1.4
    # via streamlit
tokenizers==0.22.2
    # via transformers
toml==0.10.2
    # via streamlit
tomlkit==0.15.1
    # via inv-man-intake (pyproject.toml)
torch==2.13.0
    # via
    #   accelerate
    #   docling-ibm-models
    #   docling-slim
    #   safetensors
    #   torchvision
torchvision==0.28.0
    # via
    #   docling-ibm-models
    #   docling-slim
tqdm==4.68.4
    # via
    #   docling-ibm-models
    #   docling-slim
    #   huggingface-hub
    #   mpire
    #   rapidocr
    #   semchunk
    #   transformers
transformers==5.8.1 ; sys_platform == 'darwin'
    # via
    #   docling-core
    #   docling-ibm-models
transformers==5.13.1 ; sys_platform != 'darwin'
    # via
    #   docling-core
    #   docling-ibm-models
tree-sitter==0.26.0
    # via docling-core
tree-sitter-c==0.24.2
    # via docling-core
tree-sitter-javascript==0.25.0
    # via docling-core
tree-sitter-python==0.25.0
    # via docling-core
tree-sitter-typescript==0.23.2
    # via docling-core
triton==3.7.1 ; python_full_version < '3.15' and sys_platform == 'linux'
    # via torch
typer==0.24.2
    # via
    #   doclang
    #   docling-core
    #   docling-slim
    #   transformers
typing-extensions==4.16.0
    # via
    #   altair
    #   beautifulsoup4
    #   docling-core
    #   huggingface-hub
    #   langsmith
    #   mypy
    #   polyfactory
    #   pydantic
    #   pydantic-core
    #   pyee
    #   python-docx
    #   python-pptx
    #   streamlit
    #   torch
    #   typing-inspection
typing-inspection==0.4.2
    # via
    #   pydantic
    #   pydantic-settings
tzdata==2026.3 ; sys_platform == 'emscripten' or sys_platform == 'win32'
    # via
    #   faker
    #   pandas
urllib3==2.7.0
    # via requests
uuid-utils==0.17.0
    # via langsmith
uvicorn==0.51.0
    # via streamlit
watchdog==6.0.0 ; sys_platform != 'darwin'
    # via streamlit
websockets==16.1
    # via
    #   docling-slim
    #   langsmith
    #   streamlit
xlsxwriter==3.2.9
    # via python-pptx
xxhash==3.8.1
    # via langsmith
zstandard==0.25.0
    # via langsmith